{
  "name": "githubcommenthandler",
  "version": "1.0.0",
  "lockfileVersion": 1,
  "requires": true,
  "dependencies": {
    "@octokit/rest": {
      "version": "15.9.5",
      "resolved": "https://registry.npmjs.org/@octokit/rest/-/rest-15.9.5.tgz",
      "integrity": "sha512-vJEHSTnI4UAbCDTjVSQljPeX81zsQVNj2ruM5Oj5gxOttHD0TcfWeElcJYoITCMxQTgN6Y+bJFo6/+/0CqoacA==",
      "requires": {
        "before-after-hook": "1.1.0",
        "btoa-lite": "1.0.0",
        "debug": "3.1.0",
        "http-proxy-agent": "2.1.0",
        "https-proxy-agent": "2.2.1",
        "lodash": "4.17.10",
        "node-fetch": "2.2.0",
        "url-template": "2.0.8"
      }
    },
    "agent-base": {
      "version": "4.2.1",
      "resolved": "https://registry.npmjs.org/agent-base/-/agent-base-4.2.1.tgz",
      "integrity": "sha512-JVwXMr9nHYTUXsBFKUqhJwvlcYU/blreOEUkhNR2eXZIvwd+c+o5V4MgDPKWnMS/56awN3TRzIP+KoPn+roQtg==",
      "requires": {
        "es6-promisify": "5.0.0"
      }
    },
    "before-after-hook": {
      "version": "1.1.0",
      "resolved": "https://registry.npmjs.org/before-after-hook/-/before-after-hook-1.1.0.tgz",
      "integrity": "sha512-VOMDtYPwLbIncTxNoSzRyvaMxtXmLWLUqr8k5AfC1BzLk34HvBXaQX8snOwQZ4c0aX8aSERqtJSiI9/m2u5kuA=="
    },
    "btoa-lite": {
      "version": "1.0.0",
      "resolved": "https://registry.npmjs.org/btoa-lite/-/btoa-lite-1.0.0.tgz",
      "integrity": "sha1-M3dm2hWAEhD92VbCLpxokaudAzc="
    },
    "debug": {
      "version": "3.1.0",
      "resolved": "https://registry.npmjs.org/debug/-/debug-3.1.0.tgz",
      "integrity": "sha512-OX8XqP7/1a9cqkxYw2yXss15f26NKWBpDXQd0/uK/KPqdQhxbPa994hnzjcE2VqQpDslf55723cKPUOGSmMY3g==",
      "requires": {
        "ms": "2.0.0"
      }
    },
    "es6-promise": {
      "version": "4.2.4",
      "resolved": "https://registry.npmjs.org/es6-promise/-/es6-promise-4.2.4.tgz",
      "integrity": "sha512-/NdNZVJg+uZgtm9eS3O6lrOLYmQag2DjdEXuPaHlZ6RuVqgqaVZfgYCepEIKsLqwdQArOPtC3XzRLqGGfT8KQQ=="
    },
    "es6-promisify": {
      "version": "5.0.0",
      "resolved": "https://registry.npmjs.org/es6-promisify/-/es6-promisify-5.0.0.tgz",
      "integrity": "sha1-UQnWLz5W6pZ8S2NQWu8IKRyKUgM=",
      "requires": {
        "es6-promise": "4.2.4"
      }
    },
    "http-proxy-agent": {
      "version": "2.1.0",
      "resolved": "https://registry.npmjs.org/http-proxy-agent/-/http-proxy-agent-2.1.0.tgz",
      "integrity": "sha512-qwHbBLV7WviBl0rQsOzH6o5lwyOIvwp/BdFnvVxXORldu5TmjFfjzBcWUWS5kWAZhmv+JtiDhSuQCp4sBfbIgg==",
      "requires": {
        "agent-base": "4.2.1",
        "debug": "3.1.0"
      }
    },
    "https-proxy-agent": {
      "version": "2.2.1",
      "resolved": "https://registry.npmjs.org/https-proxy-agent/-/https-proxy-agent-2.2.1.tgz",
      "integrity": "sha512-HPCTS1LW51bcyMYbxUIOO4HEOlQ1/1qRaFWcyxvwaqUS9TY88aoEuHUY33kuAh1YhVVaDQhLZsnPd+XNARWZlQ==",
      "requires": {
        "agent-base": "4.2.1",
        "debug": "3.1.0"
      }
    },
    "lodash": {
      "version": "4.17.10",
      "resolved": "https://registry.npmjs.org/lodash/-/lodash-4.17.10.tgz",
      "integrity": "sha512-UejweD1pDoXu+AD825lWwp4ZGtSwgnpZxb3JDViD7StjQz+Nb/6l093lx4OQ0foGWNRoc19mWy7BzL+UAK2iVg=="
    },
    "ms": {
      "version": "2.0.0",
      "resolved": "https://registry.npmjs.org/ms/-/ms-2.0.0.tgz",
      "integrity": "sha1-VgiurfwAvmwpAd9fmGF4jeDVl8g="
    },
    "node-fetch": {
      "version": "2.2.0",
      "resolved": "https://registry.npmjs.org/node-fetch/-/node-fetch-2.2.0.tgz",
      "integrity": "sha512-OayFWziIxiHY8bCUyLX6sTpDH8Jsbp4FfYd1j1f7vZyfgkcOnAyM4oQR16f8a0s7Gl/viMGRey8eScYk4V4EZA=="
    },
    "tunnel": {
      "version": "0.0.4",
      "resolved": "https://registry.npmjs.org/tunnel/-/tunnel-0.0.4.tgz",
      "integrity": "sha1-LTeFoVjBdMmhbcLARuxfxfF0IhM="
    },
    "typed-rest-client": {
      "version": "0.12.0",
      "resolved": "https://registry.npmjs.org/typed-rest-client/-/typed-rest-client-0.12.0.tgz",
      "integrity": "sha1-Y3b1Un9CfaEh3K/f1+QeEyHgcgw=",
      "requires": {
        "tunnel": "0.0.4",
        "underscore": "1.8.3"
      }
    },
    "underscore": {
      "version": "1.8.3",
      "resolved": "https://registry.npmjs.org/underscore/-/underscore-1.8.3.tgz",
      "integrity": "sha1-Tz+1OxBuYJf8+ctBCfKl6b36UCI="
    },
    "url-template": {
      "version": "2.0.8",
      "resolved": "https://registry.npmjs.org/url-template/-/url-template-2.0.8.tgz",
      "integrity": "sha1-/FZaPMy/93MMd19WQflVV5FDnyE="
    },
    "vso-node-api": {
      "version": "6.5.0",
      "resolved": "https://registry.npmjs.org/vso-node-api/-/vso-node-api-6.5.0.tgz",
      "integrity": "sha512-hFjPLMJkq02zF8U+LhZ4airH0ivaiKzGdlNAQlYFB3lWuGH/UANUrl63DVPUQOyGw+7ZNQ+ufM44T6mWN92xyg==",
      "requires": {
        "tunnel": "0.0.4",
        "typed-rest-client": "0.12.0",
        "underscore": "1.8.3"
      }
    }
  }
}
